
Microsoft Visual Studio Solution File, Format Version 12.00
# Visual Studio 15
Project("{FAE04EC0-301F-11D3-BF4B-00C04F79EFBC}") = "Assembly-CSharp", "Assembly-CSharp.csproj", "{CE9F5A8D-3F6D-02BE-F7C5-4AECD3F5ADB0}"
EndProject
Project("{FAE04EC0-301F-11D3-BF4B-00C04F79EFBC}") = "Assembly-CSharp-Editor", "Assembly-CSharp-Editor.csproj", "{D1C8A5E6-AA38-FD48-70C2-F339666BAA76}"
EndProject
Global
	GlobalSection(SolutionConfigurationPlatforms) = preSolution
		Debug|Any CPU = Debug|Any CPU
		Release|Any CPU = Release|Any CPU
	EndGlobalSection
	GlobalSection(ProjectConfigurationPlatforms) = postSolution
		{CE9F5A8D-3F6D-02BE-F7C5-4AECD3F5ADB0}.Debug|Any CPU.ActiveCfg = Debug|Any CPU
		{CE9F5A8D-3F6D-02BE-F7C5-4AECD3F5ADB0}.Debug|Any CPU.Build.0 = Debug|Any CPU
		{CE9F5A8D-3F6D-02BE-F7C5-4AECD3F5ADB0}.Release|Any CPU.ActiveCfg = Release|Any CPU
		{CE9F5A8D-3F6D-02BE-F7C5-4AECD3F5ADB0}.Release|Any CPU.Build.0 = Release|Any CPU
		{D1C8A5E6-AA38-FD48-70C2-F339666BAA76}.Debug|Any CPU.ActiveCfg = Debug|Any CPU
		{D1C8A5E6-AA38-FD48-70C2-F339666BAA76}.Debug|Any CPU.Build.0 = Debug|Any CPU
		{D1C8A5E6-AA38-FD48-70C2-F339666BAA76}.Release|Any CPU.ActiveCfg = Release|Any CPU
		{D1C8A5E6-AA38-FD48-70C2-F339666BAA76}.Release|Any CPU.Build.0 = Release|Any CPU
	EndGlobalSection
	GlobalSection(SolutionProperties) = preSolution
		HideSolutionNode = FALSE
	EndGlobalSection
EndGlobal
